Microsoft Visual Studio Solution File, Format Version 12.00
# Visual Studio Version 17
VisualStudioVersion = 17.5.2.0
MinimumVisualStudioVersion = 10.0.40219.1
Project("{FAE04EC0-301F-11D3-BF4B-00C04F79EFBC}") = "FileVault.Api", "FileVault.Api.csproj", "{36437005-3FD7-03A2-0A20-3DF1E1A3B7DA}"
EndProject
Global
	GlobalSection(SolutionConfigurationPlatforms) = preSolution
		Debug|Any CPU = Debug|Any CPU
		Release|Any CPU = Release|Any CPU
	EndGlobalSection
	GlobalSection(ProjectConfigurationPlatforms) = postSolution
		{36437005-3FD7-03A2-0A20-3DF1E1A3B7DA}.Debug|Any CPU.ActiveCfg = Debug|Any CPU
		{36437005-3FD7-03A2-0A20-3DF1E1A3B7DA}.Debug|Any CPU.Build.0 = Debug|Any CPU
		{36437005-3FD7-03A2-0A20-3DF1E1A3B7DA}.Release|Any CPU.ActiveCfg = Release|Any CPU
		{36437005-3FD7-03A2-0A20-3DF1E1A3B7DA}.Release|Any CPU.Build.0 = Release|Any CPU
	EndGlobalSection
	GlobalSection(SolutionProperties) = preSolution
		HideSolutionNode = FALSE
	EndGlobalSection
	GlobalSection(ExtensibilityGlobals) = postSolution
		SolutionGuid = {5108410A-BCFE-4715-BFDF-F32124E23788}
	EndGlobalSection
EndGlobal
